
Microsoft Visual Studio Solution File, Format Version 12.00
# Visual Studio Version 17
VisualStudioVersion = 17.1.31911.260
MinimumVisualStudioVersion = 10.0.40219.1
Project("{9A19103F-16F7-4668-BE54-9A1E7A4F7556}") = "PortfolioTracker.Api", "PortfolioTracker.Api\PortfolioTracker.Api.csproj", "{0C62B9B1-E033-45DC-9D40-B6A60768820F}"
EndProject
Project("{9A19103F-16F7-4668-BE54-9A1E7A4F7556}") = "PortfolioTracker.Domain", "PortfolioTracker.Domain\PortfolioTracker.Domain.csproj", "{A3F535AD-5C59-4988-AFB7-A3EB303168BC}"
EndProject
Project("{9A19103F-16F7-4668-BE54-9A1E7A4F7556}") = "PortfolioTracker.DataAccess", "PortfolioTracker.DataAccess\PortfolioTracker.DataAccess.csproj", "{60C51C3D-F724-4116-91B5-9E22CFC4E525}"
EndProject
Project("{9A19103F-16F7-4668-BE54-9A1E7A4F7556}") = "PortfolioTracker.EventStore", "PortfolioTracker.EventStore\PortfolioTracker.EventStore.csproj", "{8084741B-8C10-40B2-AB5F-84EB6AF92020}"
EndProject
Project("{9A19103F-16F7-4668-BE54-9A1E7A4F7556}") = "PortfolioTracker.Events", "PortfolioTracker.Events\PortfolioTracker.Events.csproj", "{F4995886-B42C-46A7-AB6E-E56DB5E9C0B9}"
EndProject
Project("{9A19103F-16F7-4668-BE54-9A1E7A4F7556}") = "PortfolioTracker.ChangeFeed", "PortfolioTracker.ChangeFeed\PortfolioTracker.ChangeFeed.csproj", "{70C84FC2-7FB3-4ED3-9CA5-A341768705C3}"
EndProject
Project("{FAE04EC0-301F-11D3-BF4B-00C04F79EFBC}") = "PortfolioTracker.Market.Api", "PortfolioTracker.Market.Api\PortfolioTracker.Market.Api.csproj", "{ADB2F033-22AD-489C-8393-9FBB4925C3B7}"
EndProject
Project("{FAE04EC0-301F-11D3-BF4B-00C04F79EFBC}") = "PortfolioTracker.SnapshotTrigger", "PortfolioTracker.SnapshotGeneration\PortfolioTracker.SnapshotTrigger.csproj", "{DC1E0088-DCA0-452D-B963-A9CD163E3F49}"
EndProject
Project("{FAE04EC0-301F-11D3-BF4B-00C04F79EFBC}") = "PortfolioTracker.SnapshotGenerator", "PortfolioTracker.SnapshotGenerator\PortfolioTracker.SnapshotGenerator.csproj", "{18B6FAA4-8D41-4EB4-BE12-3E92E3AA1684}"
EndProject
Global
	GlobalSection(SolutionConfigurationPlatforms) = preSolution
		Debug|Any CPU = Debug|Any CPU
		Release|Any CPU = Release|Any CPU
	EndGlobalSection
	GlobalSection(ProjectConfigurationPlatforms) = postSolution
		{0C62B9B1-E033-45DC-9D40-B6A60768820F}.Debug|Any CPU.ActiveCfg = Debug|Any CPU
		{0C62B9B1-E033-45DC-9D40-B6A60768820F}.Debug|Any CPU.Build.0 = Debug|Any CPU
		{0C62B9B1-E033-45DC-9D40-B6A60768820F}.Release|Any CPU.ActiveCfg = Release|Any CPU
		{0C62B9B1-E033-45DC-9D40-B6A60768820F}.Release|Any CPU.Build.0 = Release|Any CPU
		{A3F535AD-5C59-4988-AFB7-A3EB303168BC}.Debug|Any CPU.ActiveCfg = Debug|Any CPU
		{A3F535AD-5C59-4988-AFB7-A3EB303168BC}.Debug|Any CPU.Build.0 = Debug|Any CPU
		{A3F535AD-5C59-4988-AFB7-A3EB303168BC}.Release|Any CPU.ActiveCfg = Release|Any CPU
		{A3F535AD-5C59-4988-AFB7-A3EB303168BC}.Release|Any CPU.Build.0 = Release|Any CPU
		{60C51C3D-F724-4116-91B5-9E22CFC4E525}.Debug|Any CPU.ActiveCfg = Debug|Any CPU
		{60C51C3D-F724-4116-91B5-9E22CFC4E525}.Debug|Any CPU.Build.0 = Debug|Any CPU
		{60C51C3D-F724-4116-91B5-9E22CFC4E525}.Release|Any CPU.ActiveCfg = Release|Any CPU
		{60C51C3D-F724-4116-91B5-9E22CFC4E525}.Release|Any CPU.Build.0 = Release|Any CPU
		{8084741B-8C10-40B2-AB5F-84EB6AF92020}.Debug|Any CPU.ActiveCfg = Debug|Any CPU
		{8084741B-8C10-40B2-AB5F-84EB6AF92020}.Debug|Any CPU.Build.0 = Debug|Any CPU
		{8084741B-8C10-40B2-AB5F-84EB6AF92020}.Release|Any CPU.ActiveCfg = Release|Any CPU
		{8084741B-8C10-40B2-AB5F-84EB6AF92020}.Release|Any CPU.Build.0 = Release|Any CPU
		{F4995886-B42C-46A7-AB6E-E56DB5E9C0B9}.Debug|Any CPU.ActiveCfg = Debug|Any CPU
		{F4995886-B42C-46A7-AB6E-E56DB5E9C0B9}.Debug|Any CPU.Build.0 = Debug|Any CPU
		{F4995886-B42C-46A7-AB6E-E56DB5E9C0B9}.Release|Any CPU.ActiveCfg = Release|Any CPU
		{F4995886-B42C-46A7-AB6E-E56DB5E9C0B9}.Release|Any CPU.Build.0 = Release|Any CPU
		{70C84FC2-7FB3-4ED3-9CA5-A341768705C3}.Debug|Any CPU.ActiveCfg = Debug|Any CPU
		{70C84FC2-7FB3-4ED3-9CA5-A341768705C3}.Debug|Any CPU.Build.0 = Debug|Any CPU
		{70C84FC2-7FB3-4ED3-9CA5-A341768705C3}.Release|Any CPU.ActiveCfg = Release|Any CPU
		{70C84FC2-7FB3-4ED3-9CA5-A341768705C3}.Release|Any CPU.Build.0 = Release|Any CPU
		{ADB2F033-22AD-489C-8393-9FBB4925C3B7}.Debug|Any CPU.ActiveCfg = Debug|Any CPU
		{ADB2F033-22AD-489C-8393-9FBB4925C3B7}.Debug|Any CPU.Build.0 = Debug|Any CPU
		{ADB2F033-22AD-489C-8393-9FBB4925C3B7}.Release|Any CPU.ActiveCfg = Release|Any CPU
		{ADB2F033-22AD-489C-8393-9FBB4925C3B7}.Release|Any CPU.Build.0 = Release|Any CPU
		{DC1E0088-DCA0-452D-B963-A9CD163E3F49}.Debug|Any CPU.ActiveCfg = Debug|Any CPU
		{DC1E0088-DCA0-452D-B963-A9CD163E3F49}.Debug|Any CPU.Build.0 = Debug|Any CPU
		{DC1E0088-DCA0-452D-B963-A9CD163E3F49}.Release|Any CPU.ActiveCfg = Release|Any CPU
		{DC1E0088-DCA0-452D-B963-A9CD163E3F49}.Release|Any CPU.Build.0 = Release|Any CPU
		{18B6FAA4-8D41-4EB4-BE12-3E92E3AA1684}.Debug|Any CPU.ActiveCfg = Debug|Any CPU
		{18B6FAA4-8D41-4EB4-BE12-3E92E3AA1684}.Debug|Any CPU.Build.0 = Debug|Any CPU
		{18B6FAA4-8D41-4EB4-BE12-3E92E3AA1684}.Release|Any CPU.ActiveCfg = Release|Any CPU
		{18B6FAA4-8D41-4EB4-BE12-3E92E3AA1684}.Release|Any CPU.Build.0 = Release|Any CPU
	EndGlobalSection
	GlobalSection(SolutionProperties) = preSolution
		HideSolutionNode = FALSE
	EndGlobalSection
	GlobalSection(ExtensibilityGlobals) = postSolution
		SolutionGuid = {4CA7E3DC-A4E5-4357-A18D-3ED9D73A7DE7}
	EndGlobalSection
EndGlobal
